// !$*UTF8*$!
{
	archiveVersion = 1;
	classes = {
	};
	objectVersion = 38;
	objects = {
		014CEA490018CE3211CA2923 = {
			buildRules = (
			);
			buildSettings = {
				COPY_PHASE_STRIP = NO;
				OPTIMIZATION_CFLAGS = "-O0";
			};
			isa = PBXBuildStyle;
			name = Development;
		};
		014CEA4A0018CE3211CA2923 = {
			buildRules = (
			);
			buildSettings = {
				COPY_PHASE_STRIP = YES;
			};
			isa = PBXBuildStyle;
			name = Deployment;
		};
//010
//011
//012
//013
//014
//080
//081
//082
//083
//084
		08FB7793FE84155DC02AAC07 = {
			buildStyles = (
				014CEA490018CE3211CA2923,
				014CEA4A0018CE3211CA2923,
			);
			hasScannedForEncodings = 1;
			isa = PBXProject;
			mainGroup = 08FB7794FE84155DC02AAC07;
			projectDirPath = "";
			targets = (
				261A07C503FCB45E00A80002,
			);
		};
		08FB7794FE84155DC02AAC07 = {
			children = (
				08FB7795FE84155DC02AAC07,
				261A083203FCB73800A80002,
				08FB779DFE84155DC02AAC07,
				19C28FBDFE9D53C911CA2CBB,
			);
			isa = PBXGroup;
			name = "Crack Attack";
			refType = 4;
		};
		08FB7795FE84155DC02AAC07 = {
			children = (
				261172CC041454CD00A80002,
				261172CD041454CD00A80002,
				261172CE041454CD00A80002,
				261172CF041454CD00A80002,
				261172D0041454CD00A80002,
				261172D1041454CD00A80002,
				261172D2041454CD00A80002,
				261172D3041454CD00A80002,
				261172D4041454CD00A80002,
				261172D5041454CD00A80002,
				261172D6041454CD00A80002,
				261172D7041454CD00A80002,
				261172D8041454CD00A80002,
				261172D9041454CD00A80002,
				261172DA041454CD00A80002,
				261172DB041454CD00A80002,
				261172DC041454CD00A80002,
				261172DD041454CD00A80002,
				261172DE041454CD00A80002,
				261172DF041454CD00A80002,
				261172E0041454CD00A80002,
				261172E1041454CD00A80002,
				261172E2041454CD00A80002,
				261172E3041454CD00A80002,
				261172E4041454CD00A80002,
				261172E5041454CD00A80002,
				261172E6041454CD00A80002,
				261172E7041454CD00A80002,
				261172E8041454CD00A80002,
				261172E9041454CD00A80002,
				261172EA041454CD00A80002,
				261172EB041454CD00A80002,
				261172EC041454CD00A80002,
				261172ED041454CD00A80002,
				261172EE041454CD00A80002,
				261172EF041454CD00A80002,
				261172F0041454CD00A80002,
				261172F1041454CD00A80002,
				261172F2041454CD00A80002,
				261172F3041454CD00A80002,
				261172F4041454CD00A80002,
				261172F5041454CD00A80002,
				261172F6041454CD00A80002,
				261172F7041454CD00A80002,
				261172F8041454CD00A80002,
				261172F9041454CD00A80002,
				261172FA041454CD00A80002,
				261172FB041454CD00A80002,
				261172FC041454CD00A80002,
				261172FD041454CD00A80002,
				261172FE041454CD00A80002,
				261172FF041454CD00A80002,
				26117300041454CD00A80002,
				26117301041454CD00A80002,
				261173380414553800A80002,
				261173390414553800A80002,
				2611733C0414568D00A80002,
				2611733D0414568D00A80002,
				2611733E0414568D00A80002,
				2611733F0414568D00A80002,
				261173400414568D00A80002,
				261173410414568D00A80002,
				261173420414568D00A80002,
				261173430414568D00A80002,
				261173440414568D00A80002,
				261173450414568D00A80002,
				261173460414568D00A80002,
				261173470414568D00A80002,
				261173480414568D00A80002,
				261173490414568D00A80002,
				2611734A0414568D00A80002,
				2611734B0414568D00A80002,
				2611734C0414568D00A80002,
				2611734D0414568D00A80002,
				2611734E0414568D00A80002,
				2611734F0414568D00A80002,
				261173500414568D00A80002,
				261173510414568D00A80002,
				261173520414568D00A80002,
				261173530414568D00A80002,
				261173540414568D00A80002,
				261173550414568D00A80002,
				261173560414568D00A80002,
				261173570414568D00A80002,
				261173580414568D00A80002,
				261173590414568D00A80002,
				2611735A0414568D00A80002,
				2611735B0414568D00A80002,
				2611735C0414568D00A80002,
				2611735D0414568D00A80002,
				2611735E0414568D00A80002,
				2611735F0414568D00A80002,
				261173600414568D00A80002,
				261173610414568D00A80002,
				261173620414568D00A80002,
				261173630414568D00A80002,
				261173640414568D00A80002,
				261173650414568D00A80002,
				261173670414568D00A80002,
				261173680414568D00A80002,
				261173690414568D00A80002,
				2611736A0414568D00A80002,
			);
			isa = PBXGroup;
			name = Source;
			refType = 4;
		};
		08FB779DFE84155DC02AAC07 = {
			children = (
				261A07AB03FCAADF00A80002,
				261A07B803FCB07100A80002,
				26F5397804080BEE00A80002,
				26F53993040842ED00A80002,
			);
			isa = PBXGroup;
			name = "External Frameworks and Libraries";
			refType = 4;
		};
//080
//081
//082
//083
//084
//190
//191
//192
//193
//194
		19C28FBDFE9D53C911CA2CBB = {
			children = (
				261A07C603FCB45E00A80002,
			);
			isa = PBXGroup;
			name = Products;
			refType = 4;
		};
//190
//191
//192
//193
//194
//260
//261
//262
//263
//264
		261172CC041454CD00A80002 = {
			fileEncoding = 30;
			isa = PBXFileReference;
			name = Attack.cxx;
			path = src/Attack.cxx;
			refType = 4;
		};
		261172CD041454CD00A80002 = {
			fileEncoding = 30;
			isa = PBXFileReference;
			name = Attack.h;
			path = src/Attack.h;
			refType = 4;
		};
		261172CE041454CD00A80002 = {
			fileEncoding = 30;
			isa = PBXFileReference;
			name = Attack.M;
			path = src/Attack.M;
			refType = 4;
		};
		261172CF041454CD00A80002 = {
			fileEncoding = 30;
			isa = PBXFileReference;
			name = CAOptionController.h;
			path = src/CAOptionController.h;
			refType = 4;
		};
		261172D0041454CD00A80002 = {
			fileEncoding = 30;
			isa = PBXFileReference;
			name = CAOptionController.m;
			path = src/CAOptionController.m;
			refType = 4;
		};
		261172D1041454CD00A80002 = {
			fileEncoding = 30;
			isa = PBXFileReference;
			name = CAString.cxx;
			path = src/CAString.cxx;
			refType = 4;
		};
		261172D2041454CD00A80002 = {
			fileEncoding = 30;
			isa = PBXFileReference;
			name = CAString.h;
			path = src/CAString.h;
			refType = 4;
		};
		261172D3041454CD00A80002 = {
			fileEncoding = 30;
			isa = PBXFileReference;
			name = CelebrationManager.h;
			path = src/CelebrationManager.h;
			refType = 4;
		};
		261172D4041454CD00A80002 = {
			fileEncoding = 30;
			isa = PBXFileReference;
			name = Communicator.h;
			path = src/Communicator.h;
			refType = 4;
		};
		261172D5041454CD00A80002 = {
			fileEncoding = 30;
			isa = PBXFileReference;
			name = config.h;
			path = src/config.h;
			refType = 4;
		};
		261172D6041454CD00A80002 = {
			fileEncoding = 30;
			isa = PBXFileReference;
			name = Controller.cxx;
			path = src/Controller.cxx;
			refType = 4;
		};
		261172D7041454CD00A80002 = {
			fileEncoding = 30;
			isa = PBXFileReference;
			name = Displayer.cxx;
			path = src/Displayer.cxx;
			refType = 4;
		};
		261172D8041454CD00A80002 = {
			fileEncoding = 30;
			isa = PBXFileReference;
			name = Displayer.h;
			path = src/Displayer.h;
			refType = 4;
		};
		261172D9041454CD00A80002 = {
			fileEncoding = 30;
			isa = PBXFileReference;
			name = DrawBlocks.cxx;
			path = src/DrawBlocks.cxx;
			refType = 4;
		};
		261172DA041454CD00A80002 = {
			fileEncoding = 30;
			isa = PBXFileReference;
			name = DrawCandy.cxx;
			path = src/DrawCandy.cxx;
			refType = 4;
		};
		261172DB041454CD00A80002 = {
			fileEncoding = 30;
			isa = PBXFileReference;
			name = DrawCountDown.cxx;
			path = src/DrawCountDown.cxx;
			refType = 4;
		};
		261172DC041454CD00A80002 = {
			fileEncoding = 30;
			isa = PBXFileReference;
			name = DrawExternalCandy.cxx;
			path = src/DrawExternalCandy.cxx;
			refType = 4;
		};
		261172DD041454CD00A80002 = {
			fileEncoding = 30;
			isa = PBXFileReference;
			name = DrawGarbage.cxx;
			path = src/DrawGarbage.cxx;
			refType = 4;
		};
		261172DE041454CD00A80002 = {
			fileEncoding = 30;
			isa = PBXFileReference;
			name = DrawLevelLights.cxx;
			path = src/DrawLevelLights.cxx;
			refType = 4;
		};
		261172DF041454CD00A80002 = {
			fileEncoding = 30;
			isa = PBXFileReference;
			name = DrawMessages.cxx;
			path = src/DrawMessages.cxx;
			refType = 4;
		};
		261172E0041454CD00A80002 = {
			fileEncoding = 30;
			isa = PBXFileReference;
			name = DrawScoreRecord.cxx;
			path = src/DrawScoreRecord.cxx;
			refType = 4;
		};
		261172E1041454CD00A80002 = {
			fileEncoding = 30;
			isa = PBXFileReference;
			name = DrawSwapper.cxx;
			path = src/DrawSwapper.cxx;
			refType = 4;
		};
		261172E2041454CD00A80002 = {
			fileEncoding = 30;
			isa = PBXFileReference;
			name = DrawWinRecord.cxx;
			path = src/DrawWinRecord.cxx;
			refType = 4;
		};
		261172E3041454CD00A80002 = {
			fileEncoding = 30;
			isa = PBXFileReference;
			name = Game.cxx;
			path = src/Game.cxx;
			refType = 4;
		};
		261172E4041454CD00A80002 = {
			fileEncoding = 30;
			isa = PBXFileReference;
			name = Game.h;
			path = src/Game.h;
			refType = 4;
		};
		261172E5041454CD00A80002 = {
			fileEncoding = 30;
			isa = PBXFileReference;
			name = Garbage.h;
			path = src/Garbage.h;
			refType = 4;
		};
		261172E6041454CD00A80002 = {
			fileEncoding = 30;
			isa = PBXFileReference;
			name = GarbageFlavorImage.h;
			path = src/GarbageFlavorImage.h;
			refType = 4;
		};
		261172E7041454CD00A80002 = {
			fileEncoding = 30;
			isa = PBXFileReference;
			name = GraphicsInclude.h;
			path = src/GraphicsInclude.h;
			refType = 4;
		};
		261172E8041454CD00A80002 = {
			fileEncoding = 30;
			isa = PBXFileReference;
			name = LightManager.cxx;
			path = src/LightManager.cxx;
			refType = 4;
		};
		261172E9041454CD00A80002 = {
			fileEncoding = 30;
			isa = PBXFileReference;
			name = LightManager.h;
			path = src/LightManager.h;
			refType = 4;
		};
		261172EA041454CD00A80002 = {
			fileEncoding = 30;
			isa = PBXFileReference;
			name = LoseBar.cxx;
			path = src/LoseBar.cxx;
			refType = 4;
		};
		261172EB041454CD00A80002 = {
			fileEncoding = 30;
			isa = PBXFileReference;
			name = MetaState.cxx;
			path = src/MetaState.cxx;
			refType = 4;
		};
		261172EC041454CD00A80002 = {
			fileEncoding = 30;
			isa = PBXFileReference;
			name = obj_block.cxx;
			path = src/obj_block.cxx;
			refType = 4;
		};
		261172ED041454CD00A80002 = {
			fileEncoding = 30;
			isa = PBXFileReference;
			name = obj_clock.cxx;
			path = src/obj_clock.cxx;
			refType = 4;
		};
		261172EE041454CD00A80002 = {
			fileEncoding = 30;
			isa = PBXFileReference;
			name = obj_external_candy.cxx;
			path = src/obj_external_candy.cxx;
			refType = 4;
		};
		261172EF041454CD00A80002 = {
			fileEncoding = 30;
			isa = PBXFileReference;
			name = obj_garbage_small.cxx;
			path = src/obj_garbage_small.cxx;
			refType = 4;
		};
		261172F0041454CD00A80002 = {
			fileEncoding = 30;
			isa = PBXFileReference;
			name = obj_garbage_thick_corner.cxx;
			path = src/obj_garbage_thick_corner.cxx;
			refType = 4;
		};
		261172F1041454CD00A80002 = {
			fileEncoding = 30;
			isa = PBXFileReference;
			name = obj_garbage_thick_edge.cxx;
			path = src/obj_garbage_thick_edge.cxx;
			refType = 4;
		};
		261172F2041454CD00A80002 = {
			fileEncoding = 30;
			isa = PBXFileReference;
			name = obj_garbage_thick_middle.cxx;
			path = src/obj_garbage_thick_middle.cxx;
			refType = 4;
		};
		261172F3041454CD00A80002 = {
			fileEncoding = 30;
			isa = PBXFileReference;
			name = obj_garbage_thin_cap.cxx;
			path = src/obj_garbage_thin_cap.cxx;
			refType = 4;
		};
		261172F4041454CD00A80002 = {
			fileEncoding = 30;
			isa = PBXFileReference;
			name = obj_garbage_thin_middle.cxx;
			path = src/obj_garbage_thin_middle.cxx;
			refType = 4;
		};
		261172F5041454CD00A80002 = {
			fileEncoding = 30;
			isa = PBXFileReference;
			name = obj_garbage.cxx;
			path = src/obj_garbage.cxx;
			refType = 4;
		};
		261172F6041454CD00A80002 = {
			fileEncoding = 30;
			isa = PBXFileReference;
			name = obj_level_lights.cxx;
			path = src/obj_level_lights.cxx;
			refType = 4;
		};
		261172F7041454CD00A80002 = {
			fileEncoding = 30;
			isa = PBXFileReference;
			name = obj_messages.cxx;
			path = src/obj_messages.cxx;
			refType = 4;
		};
		261172F8041454CD00A80002 = {
			fileEncoding = 30;
			isa = PBXFileReference;
			name = obj_name.cxx;
			path = src/obj_name.cxx;
			refType = 4;
		};
		261172F9041454CD00A80002 = {
			fileEncoding = 30;
			isa = PBXFileReference;
			name = obj_score_record.cxx;
			path = src/obj_score_record.cxx;
			refType = 4;
		};
		261172FA041454CD00A80002 = {
			fileEncoding = 30;
			isa = PBXFileReference;
			name = obj_sign.cxx;
			path = src/obj_sign.cxx;
			refType = 4;
		};
		261172FB041454CD00A80002 = {
			fileEncoding = 30;
			isa = PBXFileReference;
			name = obj_sparkle.cxx;
			path = src/obj_sparkle.cxx;
			refType = 4;
		};
		261172FC041454CD00A80002 = {
			fileEncoding = 30;
			isa = PBXFileReference;
			name = obj_swapper.cxx;
			path = src/obj_swapper.cxx;
			refType = 4;
		};
		261172FD041454CD00A80002 = {
			fileEncoding = 30;
			isa = PBXFileReference;
			name = ScoreRecordManager.h;
			path = src/ScoreRecordManager.h;
			refType = 4;
		};
		261172FE041454CD00A80002 = {
			fileEncoding = 30;
			isa = PBXFileReference;
			name = TextureLoader.cxx;
			path = src/TextureLoader.cxx;
			refType = 4;
		};
		261172FF041454CD00A80002 = {
			fileEncoding = 30;
			isa = PBXFileReference;
			name = TextureLoader.h;
			path = src/TextureLoader.h;
			refType = 4;
		};
		26117300041454CD00A80002 = {
			fileEncoding = 30;
			isa = PBXFileReference;
			name = WinRecord.cxx;
			path = src/WinRecord.cxx;
			refType = 4;
		};
		26117301041454CD00A80002 = {
			fileEncoding = 30;
			isa = PBXFileReference;
			name = X.h;
			path = src/X.h;
			refType = 4;
		};
		26117302041454CD00A80002 = {
			fileRef = 261172CC041454CD00A80002;
			isa = PBXBuildFile;
			settings = {
			};
		};
		26117303041454CD00A80002 = {
			fileRef = 261172CD041454CD00A80002;
			isa = PBXBuildFile;
			settings = {
			};
		};
		26117304041454CD00A80002 = {
			fileRef = 261172CE041454CD00A80002;
			isa = PBXBuildFile;
			settings = {
			};
		};
		26117305041454CD00A80002 = {
			fileRef = 261172CF041454CD00A80002;
			isa = PBXBuildFile;
			settings = {
			};
		};
		26117306041454CD00A80002 = {
			fileRef = 261172D0041454CD00A80002;
			isa = PBXBuildFile;
			settings = {
			};
		};
		26117307041454CD00A80002 = {
			fileRef = 261172D1041454CD00A80002;
			isa = PBXBuildFile;
			settings = {
			};
		};
		26117308041454CD00A80002 = {
			fileRef = 261172D2041454CD00A80002;
			isa = PBXBuildFile;
			settings = {
			};
		};
		26117309041454CD00A80002 = {
			fileRef = 261172D3041454CD00A80002;
			isa = PBXBuildFile;
			settings = {
			};
		};
		2611730A041454CD00A80002 = {
			fileRef = 261172D4041454CD00A80002;
			isa = PBXBuildFile;
			settings = {
			};
		};
		2611730B041454CD00A80002 = {
			fileRef = 261172D5041454CD00A80002;
			isa = PBXBuildFile;
			settings = {
			};
		};
		2611730C041454CD00A80002 = {
			fileRef = 261172D6041454CD00A80002;
			isa = PBXBuildFile;
			settings = {
			};
		};
		2611730D041454CD00A80002 = {
			fileRef = 261172D7041454CD00A80002;
			isa = PBXBuildFile;
			settings = {
			};
		};
		2611730E041454CD00A80002 = {
			fileRef = 261172D8041454CD00A80002;
			isa = PBXBuildFile;
			settings = {
			};
		};
		2611730F041454CD00A80002 = {
			fileRef = 261172D9041454CD00A80002;
			isa = PBXBuildFile;
			settings = {
			};
		};
		26117310041454CD00A80002 = {
			fileRef = 261172DA041454CD00A80002;
			isa = PBXBuildFile;
			settings = {
			};
		};
		26117311041454CD00A80002 = {
			fileRef = 261172DB041454CD00A80002;
			isa = PBXBuildFile;
			settings = {
			};
		};
		26117312041454CD00A80002 = {
			fileRef = 261172DC041454CD00A80002;
			isa = PBXBuildFile;
			settings = {
			};
		};
		26117313041454CD00A80002 = {
			fileRef = 261172DD041454CD00A80002;
			isa = PBXBuildFile;
			settings = {
			};
		};
		26117314041454CD00A80002 = {
			fileRef = 261172DE041454CD00A80002;
			isa = PBXBuildFile;
			settings = {
			};
		};
		26117315041454CD00A80002 = {
			fileRef = 261172DF041454CD00A80002;
			isa = PBXBuildFile;
			settings = {
			};
		};
		26117316041454CD00A80002 = {
			fileRef = 261172E0041454CD00A80002;
			isa = PBXBuildFile;
			settings = {
			};
		};
		26117317041454CD00A80002 = {
			fileRef = 261172E1041454CD00A80002;
			isa = PBXBuildFile;
			settings = {
			};
		};
		26117318041454CD00A80002 = {
			fileRef = 261172E2041454CD00A80002;
			isa = PBXBuildFile;
			settings = {
			};
		};
		26117319041454CD00A80002 = {
			fileRef = 261172E3041454CD00A80002;
			isa = PBXBuildFile;
			settings = {
			};
		};
		2611731A041454CD00A80002 = {
			fileRef = 261172E4041454CD00A80002;
			isa = PBXBuildFile;
			settings = {
			};
		};
		2611731B041454CD00A80002 = {
			fileRef = 261172E5041454CD00A80002;
			isa = PBXBuildFile;
			settings = {
			};
		};
		2611731C041454CD00A80002 = {
			fileRef = 261172E6041454CD00A80002;
			isa = PBXBuildFile;
			settings = {
			};
		};
		2611731D041454CD00A80002 = {
			fileRef = 261172E7041454CD00A80002;
			isa = PBXBuildFile;
			settings = {
			};
		};
		2611731E041454CD00A80002 = {
			fileRef = 261172E8041454CD00A80002;
			isa = PBXBuildFile;
			settings = {
			};
		};
		2611731F041454CD00A80002 = {
			fileRef = 261172E9041454CD00A80002;
			isa = PBXBuildFile;
			settings = {
			};
		};
		26117320041454CD00A80002 = {
			fileRef = 261172EA041454CD00A80002;
			isa = PBXBuildFile;
			settings = {
			};
		};
		26117321041454CD00A80002 = {
			fileRef = 261172EB041454CD00A80002;
			isa = PBXBuildFile;
			settings = {
			};
		};
		26117322041454CD00A80002 = {
			fileRef = 261172EC041454CD00A80002;
			isa = PBXBuildFile;
			settings = {
			};
		};
		26117323041454CD00A80002 = {
			fileRef = 261172ED041454CD00A80002;
			isa = PBXBuildFile;
			settings = {
			};
		};
		26117324041454CD00A80002 = {
			fileRef = 261172EE041454CD00A80002;
			isa = PBXBuildFile;
			settings = {
			};
		};
		26117325041454CD00A80002 = {
			fileRef = 261172EF041454CD00A80002;
			isa = PBXBuildFile;
			settings = {
			};
		};
		26117326041454CD00A80002 = {
			fileRef = 261172F0041454CD00A80002;
			isa = PBXBuildFile;
			settings = {
			};
		};
		26117327041454CD00A80002 = {
			fileRef = 261172F1041454CD00A80002;
			isa = PBXBuildFile;
			settings = {
			};
		};
		26117328041454CD00A80002 = {
			fileRef = 261172F2041454CD00A80002;
			isa = PBXBuildFile;
			settings = {
			};
		};
		26117329041454CD00A80002 = {
			fileRef = 261172F3041454CD00A80002;
			isa = PBXBuildFile;
			settings = {
			};
		};
		2611732A041454CD00A80002 = {
			fileRef = 261172F4041454CD00A80002;
			isa = PBXBuildFile;
			settings = {
			};
		};
		2611732B041454CD00A80002 = {
			fileRef = 261172F5041454CD00A80002;
			isa = PBXBuildFile;
			settings = {
			};
		};
		2611732C041454CD00A80002 = {
			fileRef = 261172F6041454CD00A80002;
			isa = PBXBuildFile;
			settings = {
			};
		};
		2611732D041454CD00A80002 = {
			fileRef = 261172F7041454CD00A80002;
			isa = PBXBuildFile;
			settings = {
			};
		};
		2611732E041454CD00A80002 = {
			fileRef = 261172F8041454CD00A80002;
			isa = PBXBuildFile;
			settings = {
			};
		};
		2611732F041454CD00A80002 = {
			fileRef = 261172F9041454CD00A80002;
			isa = PBXBuildFile;
			settings = {
			};
		};
		26117330041454CD00A80002 = {
			fileRef = 261172FA041454CD00A80002;
			isa = PBXBuildFile;
			settings = {
			};
		};
		26117331041454CD00A80002 = {
			fileRef = 261172FB041454CD00A80002;
			isa = PBXBuildFile;
			settings = {
			};
		};
		26117332041454CD00A80002 = {
			fileRef = 261172FC041454CD00A80002;
			isa = PBXBuildFile;
			settings = {
			};
		};
		26117333041454CD00A80002 = {
			fileRef = 261172FD041454CD00A80002;
			isa = PBXBuildFile;
			settings = {
			};
		};
		26117334041454CD00A80002 = {
			fileRef = 261172FE041454CD00A80002;
			isa = PBXBuildFile;
			settings = {
			};
		};
		26117335041454CD00A80002 = {
			fileRef = 261172FF041454CD00A80002;
			isa = PBXBuildFile;
			settings = {
			};
		};
		26117336041454CD00A80002 = {
			fileRef = 26117300041454CD00A80002;
			isa = PBXBuildFile;
			settings = {
			};
		};
		26117337041454CD00A80002 = {
			fileRef = 26117301041454CD00A80002;
			isa = PBXBuildFile;
			settings = {
			};
		};
		261173380414553800A80002 = {
			fileEncoding = 30;
			isa = PBXFileReference;
			name = MetaState.h;
			path = src/MetaState.h;
			refType = 4;
		};
		261173390414553800A80002 = {
			fileEncoding = 30;
			isa = PBXFileReference;
			name = Random.h;
			path = src/Random.h;
			refType = 4;
		};
		2611733A0414553800A80002 = {
			fileRef = 261173380414553800A80002;
			isa = PBXBuildFile;
			settings = {
			};
		};
		2611733B0414553800A80002 = {
			fileRef = 261173390414553800A80002;
			isa = PBXBuildFile;
			settings = {
			};
		};
		2611733C0414568D00A80002 = {
			fileEncoding = 30;
			isa = PBXFileReference;
			name = Block.cxx;
			path = src/Block.cxx;
			refType = 4;
		};
		2611733D0414568D00A80002 = {
			fileEncoding = 30;
			isa = PBXFileReference;
			name = Block.h;
			path = src/Block.h;
			refType = 4;
		};
		2611733E0414568D00A80002 = {
			fileEncoding = 30;
			isa = PBXFileReference;
			name = BlockManager.cxx;
			path = src/BlockManager.cxx;
			refType = 4;
		};
		2611733F0414568D00A80002 = {
			fileEncoding = 30;
			isa = PBXFileReference;
			name = BlockManager.h;
			path = src/BlockManager.h;
			refType = 4;
		};
		261173400414568D00A80002 = {
			fileEncoding = 30;
			isa = PBXFileReference;
			name = CelebrationManager.cxx;
			path = src/CelebrationManager.cxx;
			refType = 4;
		};
		261173410414568D00A80002 = {
			fileEncoding = 30;
			isa = PBXFileReference;
			name = Clock.cxx;
			path = src/Clock.cxx;
			refType = 4;
		};
		261173420414568D00A80002 = {
			fileEncoding = 30;
			isa = PBXFileReference;
			name = Clock.h;
			path = src/Clock.h;
			refType = 4;
		};
		261173430414568D00A80002 = {
			fileEncoding = 30;
			isa = PBXFileReference;
			name = ComboManager.cxx;
			path = src/ComboManager.cxx;
			refType = 4;
		};
		261173440414568D00A80002 = {
			fileEncoding = 30;
			isa = PBXFileReference;
			name = ComboManager.h;
			path = src/ComboManager.h;
			refType = 4;
		};
		261173450414568D00A80002 = {
			fileEncoding = 30;
			isa = PBXFileReference;
			name = ComboTabulator.cxx;
			path = src/ComboTabulator.cxx;
			refType = 4;
		};
		261173460414568D00A80002 = {
			fileEncoding = 30;
			isa = PBXFileReference;
			name = ComboTabulator.h;
			path = src/ComboTabulator.h;
			refType = 4;
		};
		261173470414568D00A80002 = {
			fileEncoding = 30;
			isa = PBXFileReference;
			name = Communicator.cxx;
			path = src/Communicator.cxx;
			refType = 4;
		};
		261173480414568D00A80002 = {
			fileEncoding = 30;
			isa = PBXFileReference;
			name = Controller.h;
			path = src/Controller.h;
			refType = 4;
		};
		261173490414568D00A80002 = {
			fileEncoding = 30;
			isa = PBXFileReference;
			name = CountDownManager.cxx;
			path = src/CountDownManager.cxx;
			refType = 4;
		};
		2611734A0414568D00A80002 = {
			fileEncoding = 30;
			isa = PBXFileReference;
			name = CountDownManager.h;
			path = src/CountDownManager.h;
			refType = 4;
		};
		2611734B0414568D00A80002 = {
			fileEncoding = 30;
			isa = PBXFileReference;
			name = Creep.cxx;
			path = src/Creep.cxx;
			refType = 4;
		};
		2611734C0414568D00A80002 = {
			fileEncoding = 30;
			isa = PBXFileReference;
			name = Creep.h;
			path = src/Creep.h;
			refType = 4;
		};
		2611734D0414568D00A80002 = {
			fileEncoding = 30;
			isa = PBXFileReference;
			name = Garbage.cxx;
			path = src/Garbage.cxx;
			refType = 4;
		};
		2611734E0414568D00A80002 = {
			fileEncoding = 30;
			isa = PBXFileReference;
			name = GarbageFlavorImage.cxx;
			path = src/GarbageFlavorImage.cxx;
			refType = 4;
		};
		2611734F0414568D00A80002 = {
			fileEncoding = 30;
			isa = PBXFileReference;
			name = GarbageGenerator.cxx;
			path = src/GarbageGenerator.cxx;
			refType = 4;
		};
		261173500414568D00A80002 = {
			fileEncoding = 30;
			isa = PBXFileReference;
			name = GarbageGenerator.h;
			path = src/GarbageGenerator.h;
			refType = 4;
		};
		261173510414568D00A80002 = {
			fileEncoding = 30;
			isa = PBXFileReference;
			name = GarbageManager.cxx;
			path = src/GarbageManager.cxx;
			refType = 4;
		};
		261173520414568D00A80002 = {
			fileEncoding = 30;
			isa = PBXFileReference;
			name = GarbageManager.h;
			path = src/GarbageManager.h;
			refType = 4;
		};
		261173530414568D00A80002 = {
			fileEncoding = 30;
			isa = PBXFileReference;
			name = Grid.cxx;
			path = src/Grid.cxx;
			refType = 4;
		};
		261173540414568D00A80002 = {
			fileEncoding = 30;
			isa = PBXFileReference;
			name = Grid.h;
			path = src/Grid.h;
			refType = 4;
		};
		261173550414568D00A80002 = {
			fileEncoding = 30;
			isa = PBXFileReference;
			name = LevelLights.cxx;
			path = src/LevelLights.cxx;
			refType = 4;
		};
		261173560414568D00A80002 = {
			fileEncoding = 30;
			isa = PBXFileReference;
			name = LevelLights.h;
			path = src/LevelLights.h;
			refType = 4;
		};
		261173570414568D00A80002 = {
			fileEncoding = 30;
			isa = PBXFileReference;
			name = LoseBar.h;
			path = src/LoseBar.h;
			refType = 4;
		};
		261173580414568D00A80002 = {
			fileEncoding = 30;
			isa = PBXFileReference;
			name = MessageManager.cxx;
			path = src/MessageManager.cxx;
			refType = 4;
		};
		261173590414568D00A80002 = {
			fileEncoding = 30;
			isa = PBXFileReference;
			name = MessageManager.h;
			path = src/MessageManager.h;
			refType = 4;
		};
		2611735A0414568D00A80002 = {
			fileEncoding = 30;
			isa = PBXFileReference;
			name = Random.cxx;
			path = src/Random.cxx;
			refType = 4;
		};
		2611735B0414568D00A80002 = {
			fileEncoding = 30;
			isa = PBXFileReference;
			name = Score.cxx;
			path = src/Score.cxx;
			refType = 4;
		};
		2611735C0414568D00A80002 = {
			fileEncoding = 30;
			isa = PBXFileReference;
			name = Score.h;
			path = src/Score.h;
			refType = 4;
		};
		2611735D0414568D00A80002 = {
			fileEncoding = 30;
			isa = PBXFileReference;
			name = ScoreRecordManager.cxx;
			path = src/ScoreRecordManager.cxx;
			refType = 4;
		};
		2611735E0414568D00A80002 = {
			fileEncoding = 30;
			isa = PBXFileReference;
			name = SignManager.cxx;
			path = src/SignManager.cxx;
			refType = 4;
		};
		2611735F0414568D00A80002 = {
			fileEncoding = 30;
			isa = PBXFileReference;
			name = SignManager.h;
			path = src/SignManager.h;
			refType = 4;
		};
		261173600414568D00A80002 = {
			fileEncoding = 30;
			isa = PBXFileReference;
			name = Sine.cxx;
			path = src/Sine.cxx;
			refType = 4;
		};
		261173610414568D00A80002 = {
			fileEncoding = 30;
			isa = PBXFileReference;
			name = Sine.h;
			path = src/Sine.h;
			refType = 4;
		};
		261173620414568D00A80002 = {
			fileEncoding = 30;
			isa = PBXFileReference;
			name = SparkleManager.cxx;
			path = src/SparkleManager.cxx;
			refType = 4;
		};
		261173630414568D00A80002 = {
			fileEncoding = 30;
			isa = PBXFileReference;
			name = SparkleManager.h;
			path = src/SparkleManager.h;
			refType = 4;
		};
		261173640414568D00A80002 = {
			fileEncoding = 30;
			isa = PBXFileReference;
			name = Spring.cxx;
			path = src/Spring.cxx;
			refType = 4;
		};
		261173650414568D00A80002 = {
			fileEncoding = 30;
			isa = PBXFileReference;
			name = Spring.h;
			path = src/Spring.h;
			refType = 4;
		};
		261173670414568D00A80002 = {
			fileEncoding = 30;
			isa = PBXFileReference;
			name = Swapper.cxx;
			path = src/Swapper.cxx;
			refType = 4;
		};
		261173680414568D00A80002 = {
			fileEncoding = 30;
			isa = PBXFileReference;
			name = Swapper.h;
			path = src/Swapper.h;
			refType = 4;
		};
		261173690414568D00A80002 = {
			fileEncoding = 30;
			isa = PBXFileReference;
			name = WinRecord.h;
			path = src/WinRecord.h;
			refType = 4;
		};
		2611736A0414568D00A80002 = {
			fileEncoding = 30;
			isa = PBXFileReference;
			name = X.cxx;
			path = src/X.cxx;
			refType = 4;
		};
		2611736B0414568D00A80002 = {
			fileRef = 2611733C0414568D00A80002;
			isa = PBXBuildFile;
			settings = {
			};
		};
		2611736C0414568D00A80002 = {
			fileRef = 2611733D0414568D00A80002;
			isa = PBXBuildFile;
			settings = {
			};
		};
		2611736D0414568D00A80002 = {
			fileRef = 2611733E0414568D00A80002;
			isa = PBXBuildFile;
			settings = {
			};
		};
		2611736E0414568D00A80002 = {
			fileRef = 2611733F0414568D00A80002;
			isa = PBXBuildFile;
			settings = {
			};
		};
		2611736F0414568D00A80002 = {
			fileRef = 261173400414568D00A80002;
			isa = PBXBuildFile;
			settings = {
			};
		};
		261173700414568D00A80002 = {
			fileRef = 261173410414568D00A80002;
			isa = PBXBuildFile;
			settings = {
			};
		};
		261173710414568D00A80002 = {
			fileRef = 261173420414568D00A80002;
			isa = PBXBuildFile;
			settings = {
			};
		};
		261173720414568D00A80002 = {
			fileRef = 261173430414568D00A80002;
			isa = PBXBuildFile;
			settings = {
			};
		};
		261173730414568D00A80002 = {
			fileRef = 261173440414568D00A80002;
			isa = PBXBuildFile;
			settings = {
			};
		};
		261173740414568D00A80002 = {
			fileRef = 261173450414568D00A80002;
			isa = PBXBuildFile;
			settings = {
			};
		};
		261173750414568D00A80002 = {
			fileRef = 261173460414568D00A80002;
			isa = PBXBuildFile;
			settings = {
			};
		};
		261173760414568D00A80002 = {
			fileRef = 261173470414568D00A80002;
			isa = PBXBuildFile;
			settings = {
			};
		};
		261173770414568D00A80002 = {
			fileRef = 261173480414568D00A80002;
			isa = PBXBuildFile;
			settings = {
			};
		};
		261173780414568D00A80002 = {
			fileRef = 261173490414568D00A80002;
			isa = PBXBuildFile;
			settings = {
			};
		};
		261173790414568D00A80002 = {
			fileRef = 2611734A0414568D00A80002;
			isa = PBXBuildFile;
			settings = {
			};
		};
		2611737A0414568D00A80002 = {
			fileRef = 2611734B0414568D00A80002;
			isa = PBXBuildFile;
			settings = {
			};
		};
		2611737B0414568D00A80002 = {
			fileRef = 2611734C0414568D00A80002;
			isa = PBXBuildFile;
			settings = {
			};
		};
		2611737C0414568D00A80002 = {
			fileRef = 2611734D0414568D00A80002;
			isa = PBXBuildFile;
			settings = {
			};
		};
		2611737D0414568D00A80002 = {
			fileRef = 2611734E0414568D00A80002;
			isa = PBXBuildFile;
			settings = {
			};
		};
		2611737E0414568D00A80002 = {
			fileRef = 2611734F0414568D00A80002;
			isa = PBXBuildFile;
			settings = {
			};
		};
		2611737F0414568D00A80002 = {
			fileRef = 261173500414568D00A80002;
			isa = PBXBuildFile;
			settings = {
			};
		};
		261173800414568D00A80002 = {
			fileRef = 261173510414568D00A80002;
			isa = PBXBuildFile;
			settings = {
			};
		};
		261173810414568D00A80002 = {
			fileRef = 261173520414568D00A80002;
			isa = PBXBuildFile;
			settings = {
			};
		};
		261173820414568D00A80002 = {
			fileRef = 261173530414568D00A80002;
			isa = PBXBuildFile;
			settings = {
			};
		};
		261173830414568D00A80002 = {
			fileRef = 261173540414568D00A80002;
			isa = PBXBuildFile;
			settings = {
			};
		};
		261173840414568D00A80002 = {
			fileRef = 261173550414568D00A80002;
			isa = PBXBuildFile;
			settings = {
			};
		};
		261173850414568D00A80002 = {
			fileRef = 261173560414568D00A80002;
			isa = PBXBuildFile;
			settings = {
			};
		};
		261173860414568D00A80002 = {
			fileRef = 261173570414568D00A80002;
			isa = PBXBuildFile;
			settings = {
			};
		};
		261173870414568D00A80002 = {
			fileRef = 261173580414568D00A80002;
			isa = PBXBuildFile;
			settings = {
			};
		};
		261173880414568D00A80002 = {
			fileRef = 261173590414568D00A80002;
			isa = PBXBuildFile;
			settings = {
			};
		};
		261173890414568D00A80002 = {
			fileRef = 2611735A0414568D00A80002;
			isa = PBXBuildFile;
			settings = {
			};
		};
		2611738A0414568D00A80002 = {
			fileRef = 2611735B0414568D00A80002;
			isa = PBXBuildFile;
			settings = {
			};
		};
		2611738B0414568D00A80002 = {
			fileRef = 2611735C0414568D00A80002;
			isa = PBXBuildFile;
			settings = {
			};
		};
		2611738C0414568D00A80002 = {
			fileRef = 2611735D0414568D00A80002;
			isa = PBXBuildFile;
			settings = {
			};
		};
		2611738D0414568D00A80002 = {
			fileRef = 2611735E0414568D00A80002;
			isa = PBXBuildFile;
			settings = {
			};
		};
		2611738E0414568D00A80002 = {
			fileRef = 2611735F0414568D00A80002;
			isa = PBXBuildFile;
			settings = {
			};
		};
		2611738F0414568D00A80002 = {
			fileRef = 261173600414568D00A80002;
			isa = PBXBuildFile;
			settings = {
			};
		};
		261173900414568D00A80002 = {
			fileRef = 261173610414568D00A80002;
			isa = PBXBuildFile;
			settings = {
			};
		};
		261173910414568D00A80002 = {
			fileRef = 261173620414568D00A80002;
			isa = PBXBuildFile;
			settings = {
			};
		};
		261173920414568D00A80002 = {
			fileRef = 261173630414568D00A80002;
			isa = PBXBuildFile;
			settings = {
			};
		};
		261173930414568D00A80002 = {
			fileRef = 261173640414568D00A80002;
			isa = PBXBuildFile;
			settings = {
			};
		};
		261173940414568D00A80002 = {
			fileRef = 261173650414568D00A80002;
			isa = PBXBuildFile;
			settings = {
			};
		};
		261173960414568D00A80002 = {
			fileRef = 261173670414568D00A80002;
			isa = PBXBuildFile;
			settings = {
			};
		};
		261173970414568D00A80002 = {
			fileRef = 261173680414568D00A80002;
			isa = PBXBuildFile;
			settings = {
			};
		};
		261173980414568D00A80002 = {
			fileRef = 261173690414568D00A80002;
			isa = PBXBuildFile;
			settings = {
			};
		};
		261173990414568D00A80002 = {
			fileRef = 2611736A0414568D00A80002;
			isa = PBXBuildFile;
			settings = {
			};
		};
		261A07AB03FCAADF00A80002 = {
			isa = PBXFrameworkReference;
			name = GLUT.framework;
			path = /System/Library/Frameworks/GLUT.framework;
			refType = 0;
		};
		261A07B803FCB07100A80002 = {
			isa = PBXFrameworkReference;
			name = OpenGL.framework;
			path = /System/Library/Frameworks/OpenGL.framework;
			refType = 0;
		};
		261A07C003FCB45E00A80002 = {
			buildActionMask = 2147483647;
			files = (
				26117303041454CD00A80002,
				26117305041454CD00A80002,
				26117308041454CD00A80002,
				26117309041454CD00A80002,
				2611730A041454CD00A80002,
				2611730B041454CD00A80002,
				2611730E041454CD00A80002,
				2611731A041454CD00A80002,
				2611731B041454CD00A80002,
				2611731C041454CD00A80002,
				2611731D041454CD00A80002,
				2611731F041454CD00A80002,
				26117333041454CD00A80002,
				26117335041454CD00A80002,
				26117337041454CD00A80002,
				2611733A0414553800A80002,
				2611733B0414553800A80002,
				2611736C0414568D00A80002,
				2611736E0414568D00A80002,
				261173710414568D00A80002,
				261173730414568D00A80002,
				261173750414568D00A80002,
				261173770414568D00A80002,
				261173790414568D00A80002,
				2611737B0414568D00A80002,
				2611737F0414568D00A80002,
				261173810414568D00A80002,
				261173830414568D00A80002,
				261173850414568D00A80002,
				261173860414568D00A80002,
				261173880414568D00A80002,
				2611738B0414568D00A80002,
				2611738E0414568D00A80002,
				261173900414568D00A80002,
				261173920414568D00A80002,
				261173940414568D00A80002,
				261173970414568D00A80002,
				261173980414568D00A80002,
			);
			isa = PBXHeadersBuildPhase;
			runOnlyForDeploymentPostprocessing = 0;
		};
		261A07C103FCB45E00A80002 = {
			buildActionMask = 2147483647;
			files = (
			);
			isa = PBXResourcesBuildPhase;
			runOnlyForDeploymentPostprocessing = 0;
		};
		261A07C203FCB45E00A80002 = {
			buildActionMask = 2147483647;
			files = (
				26117302041454CD00A80002,
				26117304041454CD00A80002,
				26117306041454CD00A80002,
				26117307041454CD00A80002,
				2611730C041454CD00A80002,
				2611730D041454CD00A80002,
				2611730F041454CD00A80002,
				26117310041454CD00A80002,
				26117311041454CD00A80002,
				26117312041454CD00A80002,
				26117313041454CD00A80002,
				26117314041454CD00A80002,
				26117315041454CD00A80002,
				26117316041454CD00A80002,
				26117317041454CD00A80002,
				26117318041454CD00A80002,
				26117319041454CD00A80002,
				2611731E041454CD00A80002,
				26117320041454CD00A80002,
				26117321041454CD00A80002,
				26117322041454CD00A80002,
				26117323041454CD00A80002,
				26117324041454CD00A80002,
				26117325041454CD00A80002,
				26117326041454CD00A80002,
				26117327041454CD00A80002,
				26117328041454CD00A80002,
				26117329041454CD00A80002,
				2611732A041454CD00A80002,
				2611732B041454CD00A80002,
				2611732C041454CD00A80002,
				2611732D041454CD00A80002,
				2611732E041454CD00A80002,
				2611732F041454CD00A80002,
				26117330041454CD00A80002,
				26117331041454CD00A80002,
				26117332041454CD00A80002,
				26117334041454CD00A80002,
				26117336041454CD00A80002,
				2611736B0414568D00A80002,
				2611736D0414568D00A80002,
				2611736F0414568D00A80002,
				261173700414568D00A80002,
				261173720414568D00A80002,
				261173740414568D00A80002,
				261173760414568D00A80002,
				261173780414568D00A80002,
				2611737A0414568D00A80002,
				2611737C0414568D00A80002,
				2611737D0414568D00A80002,
				2611737E0414568D00A80002,
				261173800414568D00A80002,
				261173820414568D00A80002,
				261173840414568D00A80002,
				261173870414568D00A80002,
				261173890414568D00A80002,
				2611738A0414568D00A80002,
				2611738C0414568D00A80002,
				2611738D0414568D00A80002,
				2611738F0414568D00A80002,
				261173910414568D00A80002,
				261173930414568D00A80002,
				261173960414568D00A80002,
				261173990414568D00A80002,
			);
			isa = PBXSourcesBuildPhase;
			runOnlyForDeploymentPostprocessing = 0;
		};
		261A07C303FCB45E00A80002 = {
			buildActionMask = 2147483647;
			files = (
				261A082D03FCB4EB00A80002,
				261A082E03FCB4EB00A80002,
				26F5397904080BEE00A80002,
				26F53994040842ED00A80002,
			);
			isa = PBXFrameworksBuildPhase;
			runOnlyForDeploymentPostprocessing = 0;
		};
		261A07C403FCB45E00A80002 = {
			buildActionMask = 2147483647;
			files = (
			);
			isa = PBXRezBuildPhase;
			runOnlyForDeploymentPostprocessing = 0;
		};
		261A07C503FCB45E00A80002 = {
			buildPhases = (
				261A095F03FCB7A200A80002,
				261A07C003FCB45E00A80002,
				261A07C103FCB45E00A80002,
				261A07C203FCB45E00A80002,
				261A07C303FCB45E00A80002,
				261A07C403FCB45E00A80002,
			);
			buildSettings = {
				DEBUGGING_SYMBOLS = NO;
				HEADER_SEARCH_PATHS = /sw/include;
				LIBRARY_SEARCH_PATHS = /sw/lib/static;
				OPTIMIZATION_CFLAGS = "-O3";
				OTHER_REZFLAGS = "";
				PRODUCT_NAME = "Crack Attack";
				SECTORDER_FLAGS = "";
				USE_GCC3_PFE_SUPPORT = NO;
				WARNING_CFLAGS = "-Wmost -Wno-four-char-constants -Wno-unknown-pragmas";
				WRAPPER_EXTENSION = app;
			};
			dependencies = (
			);
			isa = PBXApplicationTarget;
			name = "Crack Attack";
			productName = "Crack Attack";
			productReference = 261A07C603FCB45E00A80002;
			productSettingsXML = "<?xml version=\"1.0\" encoding=\"UTF-8\"?>
<!DOCTYPE plist PUBLIC \"-//Apple Computer//DTD PLIST 1.0//EN\" \"http://www.apple.com/DTDs/PropertyList-1.0.dtd\">
<plist version=\"1.0\">
<dict>
	<key>CFBundleDevelopmentRegion</key>
	<string>English</string>
	<key>CFBundleExecutable</key>
	<string>Crack Attack</string>
	<key>CFBundleGetInfoString</key>
	<string>1.1.8</string>
	<key>CFBundleIconFile</key>
	<string>Crack Attack.icns</string>
	<key>CFBundleIdentifier</key>
	<string>org.aluminumangel.CrackAttack</string>
	<key>CFBundleInfoDictionaryVersion</key>
	<string>6.0</string>
	<key>CFBundleName</key>
	<string>Crack Attack</string>
	<key>CFBundlePackageType</key>
	<string>APPL</string>
	<key>CFBundleShortVersionString</key>
	<string>1.1.8</string>
	<key>CFBundleSignature</key>
	<string>????</string>
	<key>CFBundleVersion</key>
	<string>1.1.8</string>
</dict>
</plist>
";
		};
		261A07C603FCB45E00A80002 = {
			isa = PBXApplicationReference;
			path = "Crack Attack.app";
			refType = 3;
		};
		261A082D03FCB4EB00A80002 = {
			fileRef = 261A07AB03FCAADF00A80002;
			isa = PBXBuildFile;
			settings = {
			};
		};
		261A082E03FCB4EB00A80002 = {
			fileRef = 261A07B803FCB07100A80002;
			isa = PBXBuildFile;
			settings = {
			};
		};
		261A083203FCB73800A80002 = {
			children = (
				26F5398C040820B700A80002,
				26F535FB0407FF0100A80002,
				2679E13D04084B9700A80002,
			);
			isa = PBXGroup;
			name = Resources;
			path = "";
			refType = 4;
		};
		261A095F03FCB7A200A80002 = {
			buildActionMask = 2147483647;
			dstPath = "";
			dstSubfolderSpec = 7;
			files = (
				26F536900407FF0100A80002,
				26F5398D040820B700A80002,
				2679E13E04084B9700A80002,
			);
			isa = PBXCopyFilesBuildPhase;
			runOnlyForDeploymentPostprocessing = 0;
		};
		2679E13D04084B9700A80002 = {
			isa = PBXFileReference;
			path = "Crack Attack.icns";
			refType = 4;
		};
		2679E13E04084B9700A80002 = {
			fileRef = 2679E13D04084B9700A80002;
			isa = PBXBuildFile;
			settings = {
			};
		};
		26F535FB0407FF0100A80002 = {
			includeInIndex = 1;
			isa = PBXFolderReference;
			path = data;
			refType = 4;
		};
		26F536900407FF0100A80002 = {
			fileRef = 26F535FB0407FF0100A80002;
			isa = PBXBuildFile;
			settings = {
			};
		};
		26F5397804080BEE00A80002 = {
			isa = PBXFrameworkReference;
			name = Cocoa.framework;
			path = /System/Library/Frameworks/Cocoa.framework;
			refType = 0;
		};
		26F5397904080BEE00A80002 = {
			fileRef = 26F5397804080BEE00A80002;
			isa = PBXBuildFile;
			settings = {
			};
		};
		26F5398C040820B700A80002 = {
			isa = PBXFileReference;
			path = "Crack Attack Options.nib";
			refType = 4;
		};
		26F5398D040820B700A80002 = {
			fileRef = 26F5398C040820B700A80002;
			isa = PBXBuildFile;
			settings = {
			};
		};
		26F53993040842ED00A80002 = {
			isa = PBXFileReference;
			name = libpoll.a;
			path = /sw/lib/static/libpoll.a;
			refType = 0;
		};
		26F53994040842ED00A80002 = {
			fileRef = 26F53993040842ED00A80002;
			isa = PBXBuildFile;
			settings = {
			};
		};
	};
	rootObject = 08FB7793FE84155DC02AAC07;
}
